
Microsoft Visual Studio Solution File, Format Version 12.00
# Visual Studio 15
VisualStudioVersion = 15.0.27004.2005
MinimumVisualStudioVersion = 10.0.40219.1
Project("{9A19103F-16F7-4668-BE54-9A1E7A4F7556}") = "Shoko.Models", "Shoko.Models.csproj", "{EEBF6097-67BE-4E46-9D00-3E5CC938103E}"
EndProject
Project("{9A19103F-16F7-4668-BE54-9A1E7A4F7556}") = "Nancy.Rest.Annotations", "Nancy.Rest.Annotations\Nancy.Rest.Annotations.csproj", "{599FA244-AB51-44A5-B445-FBA9D58F80D0}"
EndProject
Global
	GlobalSection(SolutionConfigurationPlatforms) = preSolution
		Debug|Any CPU = Debug|Any CPU
		Release|Any CPU = Release|Any CPU
	EndGlobalSection
	GlobalSection(ProjectConfigurationPlatforms) = postSolution
		{EEBF6097-67BE-4E46-9D00-3E5CC938103E}.Debug|Any CPU.ActiveCfg = Debug|Any CPU
		{EEBF6097-67BE-4E46-9D00-3E5CC938103E}.Debug|Any CPU.Build.0 = Debug|Any CPU
		{EEBF6097-67BE-4E46-9D00-3E5CC938103E}.Release|Any CPU.ActiveCfg = Release|Any CPU
		{EEBF6097-67BE-4E46-9D00-3E5CC938103E}.Release|Any CPU.Build.0 = Release|Any CPU
		{599FA244-AB51-44A5-B445-FBA9D58F80D0}.Debug|Any CPU.ActiveCfg = Debug|Any CPU
		{599FA244-AB51-44A5-B445-FBA9D58F80D0}.Debug|Any CPU.Build.0 = Debug|Any CPU
		{599FA244-AB51-44A5-B445-FBA9D58F80D0}.Release|Any CPU.ActiveCfg = Release|Any CPU
		{599FA244-AB51-44A5-B445-FBA9D58F80D0}.Release|Any CPU.Build.0 = Release|Any CPU
	EndGlobalSection
	GlobalSection(SolutionProperties) = preSolution
		HideSolutionNode = FALSE
	EndGlobalSection
	GlobalSection(ExtensibilityGlobals) = postSolution
		SolutionGuid = {CE8F4184-EAD5-4CF3-98F1-B2FD458C10E6}
	EndGlobalSection
EndGlobal
